// !$*UTF8*$!
{
	archiveVersion = 1;
	classes = {
	};
	objectVersion = 46;
	objects = {

/* Begin PBXBuildFile section */
		10F03D9D19328D7400253288 /* Foundation.framework in Frameworks */ = {isa = PBXBuildFile; fileRef = 10F03D9C19328D7400253288 /* Foundation.framework */; };
		10F03D9F19328D7400253288 /* CoreGraphics.framework in Frameworks */ = {isa = PBXBuildFile; fileRef = 10F03D9E19328D7400253288 /* CoreGraphics.framework */; };
		10F03DA119328D7400253288 /* UIKit.framework in Frameworks */ = {isa = PBXBuildFile; fileRef = 10F03DA019328D7400253288 /* UIKit.framework */; };
		10F03DA719328D7400253288 /* InfoPlist.strings in Resources */ = {isa = PBXBuildFile; fileRef = 10F03DA519328D7400253288 /* InfoPlist.strings */; };
		10F03DA919328D7400253288 /* main.m in Sources */ = {isa = PBXBuildFile; fileRef = 10F03DA819328D7400253288 /* main.m */; };
		10F03DAD19328D7400253288 /* MTAppDelegate.m in Sources */ = {isa = PBXBuildFile; fileRef = 10F03DAC19328D7400253288 /* MTAppDelegate.m */; };
		10F03DB019328D7400253288 /* Main.storyboard in Resources */ = {isa = PBXBuildFile; fileRef = 10F03DAE19328D7400253288 /* Main.storyboard */; };
		10F03DB319328D7400253288 /* MTViewController.m in Sources */ = {isa = PBXBuildFile; fileRef = 10F03DB219328D7400253288 /* MTViewController.m */; };
		10F03DB519328D7400253288 /* Images.xcassets in Resources */ = {isa = PBXBuildFile; fileRef = 10F03DB419328D7400253288 /* Images.xcassets */; };
		10F03DBC19328D7500253288 /* XCTest.framework in Frameworks */ = {isa = PBXBuildFile; fileRef = 10F03DBB19328D7500253288 /* XCTest.framework */; };
		10F03DBD19328D7500253288 /* Foundation.framework in Frameworks */ = {isa = PBXBuildFile; fileRef = 10F03D9C19328D7400253288 /* Foundation.framework */; };
		10F03DBE19328D7500253288 /* UIKit.framework in Frameworks */ = {isa = PBXBuildFile; fileRef = 10F03DA019328D7400253288 /* UIKit.framework */; };
		10F03DC619328D7500253288 /* InfoPlist.strings in Resources */ = {isa = PBXBuildFile; fileRef = 10F03DC419328D7500253288 /* InfoPlist.strings */; };
		10F03DC819328D7500253288 /* Car_KeysTests.m in Sources */ = {isa = PBXBuildFile; fileRef = 10F03DC719328D7500253288 /* Car_KeysTests.m */; };
/* End PBXBuildFile section */

/* Begin PBXContainerItemProxy section */
		10F03DBF19328D7500253288 /* PBXContainerItemProxy */ = {
			isa = PBXContainerItemProxy;
			containerPortal = 10F03D9119328D7400253288 /* Project object */;
			proxyType = 1;
			remoteGlobalIDString = 10F03D9819328D7400253288;
			remoteInfo = "Car Keys";
		};
/* End PBXContainerItemProxy section */

/* Begin PBXFileReference section */
		10F03D9919328D7400253288 /* Car Keys.app */ = {isa = PBXFileReference; explicitFileType = wrapper.application; includeInIndex = 0; path = "Car Keys.app"; sourceTree = BUILT_PRODUCTS_DIR; };
		10F03D9C19328D7400253288 /* Foundation.framework */ = {isa = PBXFileReference; lastKnownFileType = wrapper.framework; name = Foundation.framework; path = System/Library/Frameworks/Foundation.framework; sourceTree = SDKROOT; };
		10F03D9E19328D7400253288 /* CoreGraphics.framework */ = {isa = PBXFileReference; lastKnownFileType = wrapper.framework; name = CoreGraphics.framework; path = System/Library/Frameworks/CoreGraphics.framework; sourceTree = SDKROOT; };
		10F03DA019328D7400253288 /* UIKit.framework */ = {isa = PBXFileReference; lastKnownFileType = wrapper.framework; name = UIKit.framework; path = System/Library/Frameworks/UIKit.framework; sourceTree = SDKROOT; };
		10F03DA419328D7400253288 /* Car Keys-Info.plist */ = {isa = PBXFileReference; lastKnownFileType = text.plist.xml; path = "Car Keys-Info.plist"; sourceTree = "<group>"; };
		10F03DA619328D7400253288 /* en */ = {isa = PBXFileReference; lastKnownFileType = text.plist.strings; name = en; path = en.lproj/InfoPlist.strings; sourceTree = "<group>"; };
		10F03DA819328D7400253288 /* main.m */ = {isa = PBXFileReference; lastKnownFileType = sourcecode.c.objc; path = main.m; sourceTree = "<group>"; };
		10F03DAA19328D7400253288 /* Car Keys-Prefix.pch */ = {isa = PBXFileReference; lastKnownFileType = sourcecode.c.h; path = "Car Keys-Prefix.pch"; sourceTree = "<group>"; };
		10F03DAB19328D7400253288 /* MTAppDelegate.h */ = {isa = PBXFileReference; lastKnownFileType = sourcecode.c.h; path = MTAppDelegate.h; sourceTree = "<group>"; };
		10F03DAC19328D7400253288 /* MTAppDelegate.m */ = {isa = PBXFileReference; lastKnownFileType = sourcecode.c.objc; path = MTAppDelegate.m; sourceTree = "<group>"; };
		10F03DAF19328D7400253288 /* Base */ = {isa = PBXFileReference; lastKnownFileType = file.storyboard; name = Base; path = Base.lproj/Main.storyboard; sourceTree = "<group>"; };
		10F03DB119328D7400253288 /* MTViewController.h */ = {isa = PBXFileReference; lastKnownFileType = sourcecode.c.h; path = MTViewController.h; sourceTree = "<group>"; };
		10F03DB219328D7400253288 /* MTViewController.m */ = {isa = PBXFileReference; lastKnownFileType = sourcecode.c.objc; path = MTViewController.m; sourceTree = "<group>"; };
		10F03DB419328D7400253288 /* Images.xcassets */ = {isa = PBXFileReference; lastKnownFileType = folder.assetcatalog; path = Images.xcassets; sourceTree = "<group>"; };
		10F03DBA19328D7500253288 /* Car KeysTests.xctest */ = {isa = PBXFileReference; explicitFileType = wrapper.cfbundle; includeInIndex = 0; path = "Car KeysTests.xctest"; sourceTree = BUILT_PRODUCTS_DIR; };
		10F03DBB19328D7500253288 /* XCTest.framework */ = {isa = PBXFileReference; lastKnownFileType = wrapper.framework; name = XCTest.framework; path = Library/Frameworks/XCTest.framework; sourceTree = DEVELOPER_DIR; };
		10F03DC319328D7500253288 /* Car KeysTests-Info.plist */ = {isa = PBXFileReference; lastKnownFileType = text.plist.xml; path = "Car KeysTests-Info.plist"; sourceTree = "<group>"; };
		10F03DC519328D7500253288 /* en */ = {isa = PBXFileReference; lastKnownFileType = text.plist.strings; name = en; path = en.lproj/InfoPlist.strings; sourceTree = "<group>"; };
		10F03DC719328D7500253288 /* Car_KeysTests.m */ = {isa = PBXFileReference; lastKnownFileType = sourcecode.c.objc; path = Car_KeysTests.m; sourceTree = "<group>"; };
/* End PBXFileReference section */

/* Begin PBXFrameworksBuildPhase section */
		10F03D9619328D7400253288 /* Frameworks */ = {
			isa = PBXFrameworksBuildPhase;
			buildActionMask = 2147483647;
			files = (
				10F03D9F19328D7400253288 /* CoreGraphics.framework in Frameworks */,
				10F03DA119328D7400253288 /* UIKit.framework in Frameworks */,
				10F03D9D19328D7400253288 /* Foundation.framework in Frameworks */,
			);
			runOnlyForDeploymentPostprocessing = 0;
		};
		10F03DB719328D7500253288 /* Frameworks */ = {
			isa = PBXFrameworksBuildPhase;
			buildActionMask = 2147483647;
			files = (
				10F03DBC19328D7500253288 /* XCTest.framework in Frameworks */,
				10F03DBE19328D7500253288 /* UIKit.framework in Frameworks */,
				10F03DBD19328D7500253288 /* Foundation.framework in Frameworks */,
			);
			runOnlyForDeploymentPostprocessing = 0;
		};
/* End PBXFrameworksBuildPhase section */

/* Begin PBXGroup section */
		10F03D9019328D7400253288 = {
			isa = PBXGroup;
			children = (
				10F03DA219328D7400253288 /* Car Keys */,
				10F03DC119328D7500253288 /* Car KeysTests */,
				10F03D9B19328D7400253288 /* Frameworks */,
				10F03D9A19328D7400253288 /* Products */,
			);
			sourceTree = "<group>";
		};
		10F03D9A19328D7400253288 /* Products */ = {
			isa = PBXGroup;
			children = (
				10F03D9919328D7400253288 /* Car Keys.app */,
				10F03DBA19328D7500253288 /* Car KeysTests.xctest */,
			);
			name = Products;
			sourceTree = "<group>";
		};
		10F03D9B19328D7400253288 /* Frameworks */ = {
			isa = PBXGroup;
			children = (
				10F03D9C19328D7400253288 /* Foundation.framework */,
				10F03D9E19328D7400253288 /* CoreGraphics.framework */,
				10F03DA019328D7400253288 /* UIKit.framework */,
				10F03DBB19328D7500253288 /* XCTest.framework */,
			);
			name = Frameworks;
			sourceTree = "<group>";
		};
		10F03DA219328D7400253288 /* Car Keys */ = {
			isa = PBXGroup;
			children = (
				10F03DAB19328D7400253288 /* MTAppDelegate.h */,
				10F03DAC19328D7400253288 /* MTAppDelegate.m */,
				10F03DAE19328D7400253288 /* Main.storyboard */,
				10F03DB119328D7400253288 /* MTViewController.h */,
				10F03DB219328D7400253288 /* MTViewController.m */,
				10F03DB419328D7400253288 /* Images.xcassets */,
				10F03DA319328D7400253288 /* Supporting Files */,
			);
			path = "Car Keys";
			sourceTree = "<group>";
		};
		10F03DA319328D7400253288 /* Supporting Files */ = {
			isa = PBXGroup;
			children = (
				10F03DA419328D7400253288 /* Car Keys-Info.plist */,
				10F03DA519328D7400253288 /* InfoPlist.strings */,
				10F03DA819328D7400253288 /* main.m */,
				10F03DAA19328D7400253288 /* Car Keys-Prefix.pch */,
			);
			name = "Supporting Files";
			sourceTree = "<group>";
		};
		10F03DC119328D7500253288 /* Car KeysTests */ = {
			isa = PBXGroup;
			children = (
				10F03DC719328D7500253288 /* Car_KeysTests.m */,
				10F03DC219328D7500253288 /* Supporting Files */,
			);
			path = "Car KeysTests";
			sourceTree = "<group>";
		};
		10F03DC219328D7500253288 /* Supporting Files */ = {
			isa = PBXGroup;
			children = (
				10F03DC319328D7500253288 /* Car KeysTests-Info.plist */,
				10F03DC419328D7500253288 /* InfoPlist.strings */,
			);
			name = "Supporting Files";
			sourceTree = "<group>";
		};
/* End PBXGroup section */

/* Begin PBXNativeTarget section */
		10F03D9819328D7400253288 /* Car Keys */ = {
			isa = PBXNativeTarget;
			buildConfigurationList = 10F03DCB19328D7500253288 /* Build configuration list for PBXNativeTarget "Car Keys" */;
			buildPhases = (
				10F03D9519328D7400253288 /* Sources */,
				10F03D9619328D7400253288 /* Frameworks */,
				10F03D9719328D7400253288 /* Resources */,
			);
			buildRules = (
			);
			dependencies = (
			);
			name = "Car Keys";
			productName = "Car Keys";
			productReference = 10F03D9919328D7400253288 /* Car Keys.app */;
			productType = "com.apple.product-type.application";
		};
		10F03DB919328D7500253288 /* Car KeysTests */ = {
			isa = PBXNativeTarget;
			buildConfigurationList = 10F03DCE19328D7500253288 /* Build configuration list for PBXNativeTarget "Car KeysTests" */;
			buildPhases = (
				10F03DB619328D7500253288 /* Sources */,
				10F03DB719328D7500253288 /* Frameworks */,
				10F03DB819328D7500253288 /* Resources */,
			);
			buildRules = (
			);
			dependencies = (
				10F03DC019328D7500253288 /* PBXTargetDependency */,
			);
			name = "Car KeysTests";
			productName = "Car KeysTests";
			productReference = 10F03DBA19328D7500253288 /* Car KeysTests.xctest */;
			productType = "com.apple.product-type.bundle.unit-test";
		};
/* End PBXNativeTarget section */

/* Begin PBXProject section */
		10F03D9119328D7400253288 /* Project object */ = {
			isa = PBXProject;
			attributes = {
				CLASSPREFIX = MT;
				LastUpgradeCheck = 0510;
				ORGANIZATIONNAME = "Martijn Thé";
				TargetAttributes = {
					10F03DB919328D7500253288 = {
						TestTargetID = 10F03D9819328D7400253288;
					};
				};
			};
			buildConfigurationList = 10F03D9419328D7400253288 /* Build configuration list for PBXProject "Car Keys" */;
			compatibilityVersion = "Xcode 3.2";
			developmentRegion = English;
			hasScannedForEncodings = 0;
			knownRegions = (
				en,
				Base,
			);
			mainGroup = 10F03D9019328D7400253288;
			productRefGroup = 10F03D9A19328D7400253288 /* Products */;
			projectDirPath = "";
			projectRoot = "";
			targets = (
				10F03D9819328D7400253288 /* Car Keys */,
				10F03DB919328D7500253288 /* Car KeysTests */,
			);
		};
/* End PBXProject section */

/* Begin PBXResourcesBuildPhase section */
		10F03D9719328D7400253288 /* Resources */ = {
			isa = PBXResourcesBuildPhase;
			buildActionMask = 2147483647;
			files = (
				10F03DB519328D7400253288 /* Images.xcassets in Resources */,
				10F03DA719328D7400253288 /* InfoPlist.strings in Resources */,
				10F03DB019328D7400253288 /* Main.storyboard in Resources */,
			);
			runOnlyForDeploymentPostprocessing = 0;
		};
		10F03DB819328D7500253288 /* Resources */ = {
			isa = PBXResourcesBuildPhase;
			buildActionMask = 2147483647;
			files = (
				10F03DC619328D7500253288 /* InfoPlist.strings in Resources */,
			);
			runOnlyForDeploymentPostprocessing = 0;
		};
/* End PBXResourcesBuildPhase section */

/* Begin PBXSourcesBuildPhase section */
		10F03D9519328D7400253288 /* Sources */ = {
			isa = PBXSourcesBuildPhase;
			buildActionMask = 2147483647;
			files = (
				10F03DA919328D7400253288 /* main.m in Sources */,
				10F03DB319328D7400253288 /* MTViewController.m in Sources */,
				10F03DAD19328D7400253288 /* MTAppDelegate.m in Sources */,
			);
			runOnlyForDeploymentPostprocessing = 0;
		};
		10F03DB619328D7500253288 /* Sources */ = {
			isa = PBXSourcesBuildPhase;
			buildActionMask = 2147483647;
			files = (
				10F03DC819328D7500253288 /* Car_KeysTests.m in Sources */,
			);
			runOnlyForDeploymentPostprocessing = 0;
		};
/* End PBXSourcesBuildPhase section */

/* Begin PBXTargetDependency section */
		10F03DC019328D7500253288 /* PBXTargetDependency */ = {
			isa = PBXTargetDependency;
			target = 10F03D9819328D7400253288 /* Car Keys */;
			targetProxy = 10F03DBF19328D7500253288 /* PBXContainerItemProxy */;
		};
/* End PBXTargetDependency section */

/* Begin PBXVariantGroup section */
		10F03DA519328D7400253288 /* InfoPlist.strings */ = {
			isa = PBXVariantGroup;
			children = (
				10F03DA619328D7400253288 /* en */,
			);
			name = InfoPlist.strings;
			sourceTree = "<group>";
		};
		10F03DAE19328D7400253288 /* Main.storyboard */ = {
			isa = PBXVariantGroup;
			children = (
				10F03DAF19328D7400253288 /* Base */,
			);
			name = Main.storyboard;
			sourceTree = "<group>";
		};
		10F03DC419328D7500253288 /* InfoPlist.strings */ = {
			isa = PBXVariantGroup;
			children = (
				10F03DC519328D7500253288 /* en */,
			);
			name = InfoPlist.strings;
			sourceTree = "<group>";
		};
/* End PBXVariantGroup section */

/* Begin XCBuildConfiguration section */
		10F03DC919328D7500253288 /* Debug */ = {
			isa = XCBuildConfiguration;
			buildSettings = {
				ALWAYS_SEARCH_USER_PATHS = NO;
				CLANG_CXX_LANGUAGE_STANDARD = "gnu++0x";
				CLANG_CXX_LIBRARY = "libc++";
				CLANG_ENABLE_MODULES = YES;
				CLANG_ENABLE_OBJC_ARC = YES;
				CLANG_WARN_BOOL_CONVERSION = YES;
				CLANG_WARN_CONSTANT_CONVERSION = YES;
				CLANG_WARN_DIRECT_OBJC_ISA_USAGE = YES_ERROR;
				CLANG_WARN_EMPTY_BODY = YES;
				CLANG_WARN_ENUM_CONVERSION = YES;
				CLANG_WARN_INT_CONVERSION = YES;
				CLANG_WARN_OBJC_ROOT_CLASS = YES_ERROR;
				CLANG_WARN__DUPLICATE_METHOD_MATCH = YES;
				"CODE_SIGN_IDENTITY[sdk=iphoneos*]" = "iPhone Developer";
				COPY_PHASE_STRIP = NO;
				GCC_C_LANGUAGE_STANDARD = gnu99;
				GCC_DYNAMIC_NO_PIC = NO;
				GCC_OPTIMIZATION_LEVEL = 0;
				GCC_PREPROCESSOR_DEFINITIONS = (
					"DEBUG=1",
					"$(inherited)",
				);
				GCC_SYMBOLS_PRIVATE_EXTERN = NO;
				GCC_WARN_64_TO_32_BIT_CONVERSION = YES;
				GCC_WARN_ABOUT_RETURN_TYPE = YES_ERROR;
				GCC_WARN_UNDECLARED_SELECTOR = YES;
				GCC_WARN_UNINITIALIZED_AUTOS = YES_AGGRESSIVE;
				GCC_WARN_UNUSED_FUNCTION = YES;
				GCC_WARN_UNUSED_VARIABLE = YES;
				IPHONEOS_DEPLOYMENT_TARGET = 7.1;
				ONLY_ACTIVE_ARCH = YES;
				SDKROOT = iphoneos;
			};
			name = Debug;
		};
		10F03DCA19328D7500253288 /* Release */ = {
			isa = XCBuildConfiguration;
			buildSettings = {
				ALWAYS_SEARCH_USER_PATHS = NO;
				CLANG_CXX_LANGUAGE_STANDARD = "gnu++0x";
				CLANG_CXX_LIBRARY = "libc++";
				CLANG_ENABLE_MODULES = YES;
				CLANG_ENABLE_OBJC_ARC = YES;
				CLANG_WARN_BOOL_CONVERSION = YES;
				CLANG_WARN_CONSTANT_CONVERSION = YES;
				CLANG_WARN_DIRECT_OBJC_ISA_USAGE = YES_ERROR;
				CLANG_WARN_EMPTY_BODY = YES;
				CLANG_WARN_ENUM_CONVERSION = YES;
				CLANG_WARN_INT_CONVERSION = YES;
				CLANG_WARN_OBJC_ROOT_CLASS = YES_ERROR;
				CLANG_WARN__DUPLICATE_METHOD_MATCH = YES;
				"CODE_SIGN_IDENTITY[sdk=iphoneos*]" = "iPhone Developer";
				COPY_PHASE_STRIP = YES;
				ENABLE_NS_ASSERTIONS = NO;
				GCC_C_LANGUAGE_STANDARD = gnu99;
				GCC_WARN_64_TO_32_BIT_CONVERSION = YES;
				GCC_WARN_ABOUT_RETURN_TYPE = YES_ERROR;
				GCC_WARN_UNDECLARED_SELECTOR = YES;
				GCC_WARN_UNINITIALIZED_AUTOS = YES_AGGRESSIVE;
				GCC_WARN_UNUSED_FUNCTION = YES;
				GCC_WARN_UNUSED_VARIABLE = YES;
				IPHONEOS_DEPLOYMENT_TARGET = 7.1;
				SDKROOT = iphoneos;
				VALIDATE_PRODUCT = YES;
			};
			name = Release;
		};
		10F03DCC19328D7500253288 /* Debug */ = {
			isa = XCBuildConfiguration;
			buildSettings = {
				ASSETCATALOG_COMPILER_APPICON_NAME = AppIcon;
				ASSETCATALOG_COMPILER_LAUNCHIMAGE_NAME = LaunchImage;
				GCC_PRECOMPILE_PREFIX_HEADER = YES;
				GCC_PREFIX_HEADER = "Car Keys/Car Keys-Prefix.pch";
				INFOPLIST_FILE = "Car Keys/Car Keys-Info.plist";
				PRODUCT_NAME = "$(TARGET_NAME)";
				WRAPPER_EXTENSION = app;
			};
			name = Debug;
		};
		10F03DCD19328D7500253288 /* Release */ = {
			isa = XCBuildConfiguration;
			buildSettings = {
				ASSETCATALOG_COMPILER_APPICON_NAME = AppIcon;
				ASSETCATALOG_COMPILER_LAUNCHIMAGE_NAME = LaunchImage;
				GCC_PRECOMPILE_PREFIX_HEADER = YES;
				GCC_PREFIX_HEADER = "Car Keys/Car Keys-Prefix.pch";
				INFOPLIST_FILE = "Car Keys/Car Keys-Info.plist";
				PRODUCT_NAME = "$(TARGET_NAME)";
				WRAPPER_EXTENSION = app;
			};
			name = Release;
		};
		10F03DCF19328D7500253288 /* Debug */ = {
			isa = XCBuildConfiguration;
			buildSettings = {
				BUNDLE_LOADER = "$(BUILT_PRODUCTS_DIR)/Car Keys.app/Car Keys";
				FRAMEWORK_SEARCH_PATHS = (
					"$(SDKROOT)/Developer/Library/Frameworks",
					"$(inherited)",
					"$(DEVELOPER_FRAMEWORKS_DIR)",
				);
				GCC_PRECOMPILE_PREFIX_HEADER = YES;
				GCC_PREFIX_HEADER = "Car Keys/Car Keys-Prefix.pch";
				GCC_PREPROCESSOR_DEFINITIONS = (
					"DEBUG=1",
					"$(inherited)",
				);
				INFOPLIST_FILE = "Car KeysTests/Car KeysTests-Info.plist";
				PRODUCT_NAME = "$(TARGET_NAME)";
				TEST_HOST = "$(BUNDLE_LOADER)";
				WRAPPER_EXTENSION = xctest;
			};
			name = Debug;
		};
		10F03DD019328D7500253288 /* Release */ = {
			isa = XCBuildConfiguration;
			buildSettings = {
				BUNDLE_LOADER = "$(BUILT_PRODUCTS_DIR)/Car Keys.app/Car Keys";
				FRAMEWORK_SEARCH_PATHS = (
					"$(SDKROOT)/Developer/Library/Frameworks",
					"$(inherited)",
					"$(DEVELOPER_FRAMEWORKS_DIR)",
				);
				GCC_PRECOMPILE_PREFIX_HEADER = YES;
				GCC_PREFIX_HEADER = "Car Keys/Car Keys-Prefix.pch";
				INFOPLIST_FILE = "Car KeysTests/Car KeysTests-Info.plist";
				PRODUCT_NAME = "$(TARGET_NAME)";
				TEST_HOST = "$(BUNDLE_LOADER)";
				WRAPPER_EXTENSION = xctest;
			};
			name = Release;
		};
/* End XCBuildConfiguration section */

/* Begin XCConfigurationList section */
		10F03D9419328D7400253288 /* Build configuration list for PBXProject "Car Keys" */ = {
			isa = XCConfigurationList;
			buildConfigurations = (
				10F03DC919328D7500253288 /* Debug */,
				10F03DCA19328D7500253288 /* Release */,
			);
			defaultConfigurationIsVisible = 0;
			defaultConfigurationName = Release;
		};
		10F03DCB19328D7500253288 /* Build configuration list for PBXNativeTarget "Car Keys" */ = {
			isa = XCConfigurationList;
			buildConfigurations = (
				10F03DCC19328D7500253288 /* Debug */,
				10F03DCD19328D7500253288 /* Release */,
			);
			defaultConfigurationIsVisible = 0;
		};
		10F03DCE19328D7500253288 /* Build configuration list for PBXNativeTarget "Car KeysTests" */ = {
			isa = XCConfigurationList;
			buildConfigurations = (
				10F03DCF19328D7500253288 /* Debug */,
				10F03DD019328D7500253288 /* Release */,
			);
			defaultConfigurationIsVisible = 0;
		};
/* End XCConfigurationList section */
	};
	rootObject = 10F03D9119328D7400253288 /* Project object */;
}
